
Microsoft Visual Studio Solution File, Format Version 12.00
# Visual Studio Version 16
VisualStudioVersion = 16.0.31410.357
MinimumVisualStudioVersion = 10.0.40219.1
Project("{FAE04EC0-301F-11D3-BF4B-00C04F79EFBC}") = "RentalStore", "RentalStore\RentalStore.csproj", "{3E5DE554-8168-41E4-9855-AB133D78D58D}"
EndProject
Global
	GlobalSection(SolutionConfigurationPlatforms) = preSolution
		Debug|Any CPU = Debug|Any CPU
		Release|Any CPU = Release|Any CPU
	EndGlobalSection
	GlobalSection(ProjectConfigurationPlatforms) = postSolution
		{3E5DE554-8168-41E4-9855-AB133D78D58D}.Debug|Any CPU.ActiveCfg = Debug|Any CPU
		{3E5DE554-8168-41E4-9855-AB133D78D58D}.Debug|Any CPU.Build.0 = Debug|Any CPU
		{3E5DE554-8168-41E4-9855-AB133D78D58D}.Release|Any CPU.ActiveCfg = Release|Any CPU
		{3E5DE554-8168-41E4-9855-AB133D78D58D}.Release|Any CPU.Build.0 = Release|Any CPU
	EndGlobalSection
	GlobalSection(SolutionProperties) = preSolution
		HideSolutionNode = FALSE
	EndGlobalSection
	GlobalSection(ExtensibilityGlobals) = postSolution
		SolutionGuid = {D1708B29-B3D8-4E91-8E5B-F40BA6EB78C4}
	EndGlobalSection
EndGlobal
